
Microsoft Visual Studio Solution File, Format Version 12.00
# Visual Studio 15
VisualStudioVersion = 15.0.27130.2036
MinimumVisualStudioVersion = 10.0.40219.1
Project("{9A19103F-16F7-4668-BE54-9A1E7A4F7556}") = "CrossPITestApp", "CrossPITestApp\CrossPITestApp.csproj", "{9076A8BD-9B8F-4C9F-9351-C05E4DCA31CF}"
EndProject
Project("{9A19103F-16F7-4668-BE54-9A1E7A4F7556}") = "CrossPILibrary", "CrossPILibrary\CrossPILibrary.csproj", "{E9589520-4C63-4502-9B8F-D41192593C54}"
EndProject
Project("{8BC9CEB8-8B4A-11D0-8D11-00A0C91BC942}") = "LinuxLib", "LinuxLib\LinuxLib.vcxproj", "{C0478C71-1679-42A9-9D76-87C91ACB4F93}"
EndProject
Project("{8BC9CEB8-8B4A-11D0-8D11-00A0C91BC942}") = "CrossPIDll", "CrossPIDll\CrossPIDll.vcxproj", "{AD4D8CC1-A887-43C9-8038-35507D325BD6}"
EndProject
Global
	GlobalSection(SolutionConfigurationPlatforms) = preSolution
		Debug|Any CPU = Debug|Any CPU
		Debug|ARM = Debug|ARM
		Debug|x64 = Debug|x64
		Debug|x86 = Debug|x86
		Release|Any CPU = Release|Any CPU
		Release|ARM = Release|ARM
		Release|x64 = Release|x64
		Release|x86 = Release|x86
	EndGlobalSection
	GlobalSection(ProjectConfigurationPlatforms) = postSolution
		{9076A8BD-9B8F-4C9F-9351-C05E4DCA31CF}.Debug|Any CPU.ActiveCfg = Debug|Any CPU
		{9076A8BD-9B8F-4C9F-9351-C05E4DCA31CF}.Debug|Any CPU.Build.0 = Debug|Any CPU
		{9076A8BD-9B8F-4C9F-9351-C05E4DCA31CF}.Debug|ARM.ActiveCfg = Debug|Any CPU
		{9076A8BD-9B8F-4C9F-9351-C05E4DCA31CF}.Debug|ARM.Build.0 = Debug|Any CPU
		{9076A8BD-9B8F-4C9F-9351-C05E4DCA31CF}.Debug|x64.ActiveCfg = Debug|Any CPU
		{9076A8BD-9B8F-4C9F-9351-C05E4DCA31CF}.Debug|x64.Build.0 = Debug|Any CPU
		{9076A8BD-9B8F-4C9F-9351-C05E4DCA31CF}.Debug|x86.ActiveCfg = Debug|Any CPU
		{9076A8BD-9B8F-4C9F-9351-C05E4DCA31CF}.Debug|x86.Build.0 = Debug|Any CPU
		{9076A8BD-9B8F-4C9F-9351-C05E4DCA31CF}.Release|Any CPU.ActiveCfg = Release|Any CPU
		{9076A8BD-9B8F-4C9F-9351-C05E4DCA31CF}.Release|Any CPU.Build.0 = Release|Any CPU
		{9076A8BD-9B8F-4C9F-9351-C05E4DCA31CF}.Release|ARM.ActiveCfg = Release|Any CPU
		{9076A8BD-9B8F-4C9F-9351-C05E4DCA31CF}.Release|ARM.Build.0 = Release|Any CPU
		{9076A8BD-9B8F-4C9F-9351-C05E4DCA31CF}.Release|x64.ActiveCfg = Release|Any CPU
		{9076A8BD-9B8F-4C9F-9351-C05E4DCA31CF}.Release|x64.Build.0 = Release|Any CPU
		{9076A8BD-9B8F-4C9F-9351-C05E4DCA31CF}.Release|x86.ActiveCfg = Release|Any CPU
		{9076A8BD-9B8F-4C9F-9351-C05E4DCA31CF}.Release|x86.Build.0 = Release|Any CPU
		{E9589520-4C63-4502-9B8F-D41192593C54}.Debug|Any CPU.ActiveCfg = Debug|Any CPU
		{E9589520-4C63-4502-9B8F-D41192593C54}.Debug|Any CPU.Build.0 = Debug|Any CPU
		{E9589520-4C63-4502-9B8F-D41192593C54}.Debug|ARM.ActiveCfg = Debug|Any CPU
		{E9589520-4C63-4502-9B8F-D41192593C54}.Debug|ARM.Build.0 = Debug|Any CPU
		{E9589520-4C63-4502-9B8F-D41192593C54}.Debug|x64.ActiveCfg = Debug|Any CPU
		{E9589520-4C63-4502-9B8F-D41192593C54}.Debug|x64.Build.0 = Debug|Any CPU
		{E9589520-4C63-4502-9B8F-D41192593C54}.Debug|x86.ActiveCfg = Debug|Any CPU
		{E9589520-4C63-4502-9B8F-D41192593C54}.Debug|x86.Build.0 = Debug|Any CPU
		{E9589520-4C63-4502-9B8F-D41192593C54}.Release|Any CPU.ActiveCfg = Release|Any CPU
		{E9589520-4C63-4502-9B8F-D41192593C54}.Release|Any CPU.Build.0 = Release|Any CPU
		{E9589520-4C63-4502-9B8F-D41192593C54}.Release|ARM.ActiveCfg = Release|Any CPU
		{E9589520-4C63-4502-9B8F-D41192593C54}.Release|ARM.Build.0 = Release|Any CPU
		{E9589520-4C63-4502-9B8F-D41192593C54}.Release|x64.ActiveCfg = Release|Any CPU
		{E9589520-4C63-4502-9B8F-D41192593C54}.Release|x64.Build.0 = Release|Any CPU
		{E9589520-4C63-4502-9B8F-D41192593C54}.Release|x86.ActiveCfg = Release|Any CPU
		{E9589520-4C63-4502-9B8F-D41192593C54}.Release|x86.Build.0 = Release|Any CPU
		{C0478C71-1679-42A9-9D76-87C91ACB4F93}.Debug|Any CPU.ActiveCfg = Debug|x86
		{C0478C71-1679-42A9-9D76-87C91ACB4F93}.Debug|ARM.ActiveCfg = Debug|ARM
		{C0478C71-1679-42A9-9D76-87C91ACB4F93}.Debug|ARM.Build.0 = Debug|ARM
		{C0478C71-1679-42A9-9D76-87C91ACB4F93}.Debug|x64.ActiveCfg = Debug|x64
		{C0478C71-1679-42A9-9D76-87C91ACB4F93}.Debug|x64.Build.0 = Debug|x64
		{C0478C71-1679-42A9-9D76-87C91ACB4F93}.Debug|x86.ActiveCfg = Debug|x86
		{C0478C71-1679-42A9-9D76-87C91ACB4F93}.Debug|x86.Build.0 = Debug|x86
		{C0478C71-1679-42A9-9D76-87C91ACB4F93}.Release|Any CPU.ActiveCfg = Release|x86
		{C0478C71-1679-42A9-9D76-87C91ACB4F93}.Release|ARM.ActiveCfg = Release|ARM
		{C0478C71-1679-42A9-9D76-87C91ACB4F93}.Release|ARM.Build.0 = Release|ARM
		{C0478C71-1679-42A9-9D76-87C91ACB4F93}.Release|x64.ActiveCfg = Release|x64
		{C0478C71-1679-42A9-9D76-87C91ACB4F93}.Release|x64.Build.0 = Release|x64
		{C0478C71-1679-42A9-9D76-87C91ACB4F93}.Release|x86.ActiveCfg = Release|x86
		{C0478C71-1679-42A9-9D76-87C91ACB4F93}.Release|x86.Build.0 = Release|x86
		{AD4D8CC1-A887-43C9-8038-35507D325BD6}.Debug|Any CPU.ActiveCfg = Debug|Win32
		{AD4D8CC1-A887-43C9-8038-35507D325BD6}.Debug|ARM.ActiveCfg = Debug|Win32
		{AD4D8CC1-A887-43C9-8038-35507D325BD6}.Debug|x64.ActiveCfg = Debug|x64
		{AD4D8CC1-A887-43C9-8038-35507D325BD6}.Debug|x64.Build.0 = Debug|x64
		{AD4D8CC1-A887-43C9-8038-35507D325BD6}.Debug|x86.ActiveCfg = Debug|Win32
		{AD4D8CC1-A887-43C9-8038-35507D325BD6}.Debug|x86.Build.0 = Debug|Win32
		{AD4D8CC1-A887-43C9-8038-35507D325BD6}.Release|Any CPU.ActiveCfg = Release|Win32
		{AD4D8CC1-A887-43C9-8038-35507D325BD6}.Release|ARM.ActiveCfg = Release|Win32
		{AD4D8CC1-A887-43C9-8038-35507D325BD6}.Release|x64.ActiveCfg = Release|x64
		{AD4D8CC1-A887-43C9-8038-35507D325BD6}.Release|x64.Build.0 = Release|x64
		{AD4D8CC1-A887-43C9-8038-35507D325BD6}.Release|x86.ActiveCfg = Release|Win32
		{AD4D8CC1-A887-43C9-8038-35507D325BD6}.Release|x86.Build.0 = Release|Win32
	EndGlobalSection
	GlobalSection(SolutionProperties) = preSolution
		HideSolutionNode = FALSE
	EndGlobalSection
	GlobalSection(ExtensibilityGlobals) = postSolution
		SolutionGuid = {479F02E4-8A12-4BF4-96C7-36810688550D}
	EndGlobalSection
EndGlobal
